
Microsoft Visual Studio Solution File, Format Version 12.00
# Visual Studio Version 17
VisualStudioVersion = 17.0.31903.59
MinimumVisualStudioVersion = 10.0.40219.1
Project("{FAE04EC0-301F-11D3-BF4B-00C04F79EFBC}") = "FramWork", "FramWork\FramWork.csproj", "{FB163F1A-EC62-4C4E-BBEB-C0FBE4C48ECF}"
EndProject
Project("{FAE04EC0-301F-11D3-BF4B-00C04F79EFBC}") = "Start", "Start\Start.csproj", "{51F93CA2-C39E-415F-9D47-7FC0C3A535BB}"
EndProject
Global
	GlobalSection(SolutionConfigurationPlatforms) = preSolution
		Debug|Any CPU = Debug|Any CPU
		Release|Any CPU = Release|Any CPU
	EndGlobalSection
	GlobalSection(ProjectConfigurationPlatforms) = postSolution
		{FB163F1A-EC62-4C4E-BBEB-C0FBE4C48ECF}.Debug|Any CPU.ActiveCfg = Debug|Any CPU
		{FB163F1A-EC62-4C4E-BBEB-C0FBE4C48ECF}.Debug|Any CPU.Build.0 = Debug|Any CPU
		{FB163F1A-EC62-4C4E-BBEB-C0FBE4C48ECF}.Release|Any CPU.ActiveCfg = Release|Any CPU
		{FB163F1A-EC62-4C4E-BBEB-C0FBE4C48ECF}.Release|Any CPU.Build.0 = Release|Any CPU
		{51F93CA2-C39E-415F-9D47-7FC0C3A535BB}.Debug|Any CPU.ActiveCfg = Debug|Any CPU
		{51F93CA2-C39E-415F-9D47-7FC0C3A535BB}.Debug|Any CPU.Build.0 = Debug|Any CPU
		{51F93CA2-C39E-415F-9D47-7FC0C3A535BB}.Release|Any CPU.ActiveCfg = Release|Any CPU
		{51F93CA2-C39E-415F-9D47-7FC0C3A535BB}.Release|Any CPU.Build.0 = Release|Any CPU
	EndGlobalSection
	GlobalSection(SolutionProperties) = preSolution
		HideSolutionNode = FALSE
	EndGlobalSection
	GlobalSection(ExtensibilityGlobals) = postSolution
		SolutionGuid = {5FB8E62E-B42F-4EB4-8466-96843F80711D}
	EndGlobalSection
EndGlobal
